
Microsoft Visual Studio Solution File, Format Version 12.00
# Visual Studio Version 17
VisualStudioVersion = 17.2.32516.85
MinimumVisualStudioVersion = 10.0.40219.1
Project("{9A19103F-16F7-4668-BE54-9A1E7A4F7556}") = "UPS.Assessment", "UPS.Assessment\UPS.Assessment.csproj", "{7415E125-DC9F-4FF7-B932-11A3054ABBAD}"
EndProject
Project("{FAE04EC0-301F-11D3-BF4B-00C04F79EFBC}") = "UPS.Assessment.UnitTests", "UPS.Assessment.UnitTests\UPS.Assessment.UnitTests.csproj", "{9EE274DA-25AA-419C-9860-FAB2A0BC6F85}"
EndProject
Global
	GlobalSection(SolutionConfigurationPlatforms) = preSolution
		Debug|Any CPU = Debug|Any CPU
		Release|Any CPU = Release|Any CPU
	EndGlobalSection
	GlobalSection(ProjectConfigurationPlatforms) = postSolution
		{7415E125-DC9F-4FF7-B932-11A3054ABBAD}.Debug|Any CPU.ActiveCfg = Debug|Any CPU
		{7415E125-DC9F-4FF7-B932-11A3054ABBAD}.Debug|Any CPU.Build.0 = Debug|Any CPU
		{7415E125-DC9F-4FF7-B932-11A3054ABBAD}.Release|Any CPU.ActiveCfg = Release|Any CPU
		{7415E125-DC9F-4FF7-B932-11A3054ABBAD}.Release|Any CPU.Build.0 = Release|Any CPU
		{9EE274DA-25AA-419C-9860-FAB2A0BC6F85}.Debug|Any CPU.ActiveCfg = Debug|Any CPU
		{9EE274DA-25AA-419C-9860-FAB2A0BC6F85}.Debug|Any CPU.Build.0 = Debug|Any CPU
		{9EE274DA-25AA-419C-9860-FAB2A0BC6F85}.Release|Any CPU.ActiveCfg = Release|Any CPU
		{9EE274DA-25AA-419C-9860-FAB2A0BC6F85}.Release|Any CPU.Build.0 = Release|Any CPU
	EndGlobalSection
	GlobalSection(SolutionProperties) = preSolution
		HideSolutionNode = FALSE
	EndGlobalSection
	GlobalSection(ExtensibilityGlobals) = postSolution
		SolutionGuid = {39273AA0-B3C6-41A4-AB70-C006CD690E66}
	EndGlobalSection
EndGlobal
